
Microsoft Visual Studio Solution File, Format Version 12.00
# Visual Studio Version 17
VisualStudioVersion = 17.7.34024.191
MinimumVisualStudioVersion = 10.0.40219.1
Project("{FAE04EC0-301F-11D3-BF4B-00C04F79EFBC}") = "CFAPInventoryView", "CFAPInventoryView\CFAPInventoryView.csproj", "{9A0FA87C-526F-4ADA-A0D8-EEAE3CDBE069}"
EndProject
Global
	GlobalSection(SolutionConfigurationPlatforms) = preSolution
		Debug|Any CPU = Debug|Any CPU
		Release|Any CPU = Release|Any CPU
	EndGlobalSection
	GlobalSection(ProjectConfigurationPlatforms) = postSolution
		{9A0FA87C-526F-4ADA-A0D8-EEAE3CDBE069}.Debug|Any CPU.ActiveCfg = Debug|Any CPU
		{9A0FA87C-526F-4ADA-A0D8-EEAE3CDBE069}.Debug|Any CPU.Build.0 = Debug|Any CPU
		{9A0FA87C-526F-4ADA-A0D8-EEAE3CDBE069}.Release|Any CPU.ActiveCfg = Release|Any CPU
		{9A0FA87C-526F-4ADA-A0D8-EEAE3CDBE069}.Release|Any CPU.Build.0 = Release|Any CPU
	EndGlobalSection
	GlobalSection(SolutionProperties) = preSolution
		HideSolutionNode = FALSE
	EndGlobalSection
	GlobalSection(ExtensibilityGlobals) = postSolution
		SolutionGuid = {B57946ED-91E5-4C40-874F-442D6C43D8FE}
	EndGlobalSection
EndGlobal
